// !$*UTF8*$!
{
	archiveVersion = 1;
	classes = {
	};
	objectVersion = 50;
	objects = {

/* Begin PBXBuildFile section */
		E64069D3208E5C1B009B8B9A /* AppDelegate.swift in Sources */ = {isa = PBXBuildFile; fileRef = E64069D2208E5C1B009B8B9A /* AppDelegate.swift */; };
		E64069D5208E5C1B009B8B9A /* ViewController.swift in Sources */ = {isa = PBXBuildFile; fileRef = E64069D4208E5C1B009B8B9A /* ViewController.swift */; };
		E64069D8208E5C1B009B8B9A /* Main.storyboard in Resources */ = {isa = PBXBuildFile; fileRef = E64069D6208E5C1B009B8B9A /* Main.storyboard */; };
		E64069DA208E5C1D009B8B9A /* Assets.xcassets in Resources */ = {isa = PBXBuildFile; fileRef = E64069D9208E5C1D009B8B9A /* Assets.xcassets */; };
		E64069DD208E5C1D009B8B9A /* LaunchScreen.storyboard in Resources */ = {isa = PBXBuildFile; fileRef = E64069DB208E5C1D009B8B9A /* LaunchScreen.storyboard */; };
		E64069E8208E5C1D009B8B9A /* WorldTrotterTests.swift in Sources */ = {isa = PBXBuildFile; fileRef = E64069E7208E5C1D009B8B9A /* WorldTrotterTests.swift */; };
		E64069F3208E5C1D009B8B9A /* WorldTrotterUITests.swift in Sources */ = {isa = PBXBuildFile; fileRef = E64069F2208E5C1D009B8B9A /* WorldTrotterUITests.swift */; };
/* End PBXBuildFile section */

/* Begin PBXContainerItemProxy section */
		E64069E4208E5C1D009B8B9A /* PBXContainerItemProxy */ = {
			isa = PBXContainerItemProxy;
			containerPortal = E64069C7208E5C1B009B8B9A /* Project object */;
			proxyType = 1;
			remoteGlobalIDString = E64069CE208E5C1B009B8B9A;
			remoteInfo = WorldTrotter;
		};
		E64069EF208E5C1D009B8B9A /* PBXContainerItemProxy */ = {
			isa = PBXContainerItemProxy;
			containerPortal = E64069C7208E5C1B009B8B9A /* Project object */;
			proxyType = 1;
			remoteGlobalIDString = E64069CE208E5C1B009B8B9A;
			remoteInfo = WorldTrotter;
		};
/* End PBXContainerItemProxy section */

/* Begin PBXFileReference section */
		E64069CF208E5C1B009B8B9A /* WorldTrotter.app */ = {isa = PBXFileReference; explicitFileType = wrapper.application; includeInIndex = 0; path = WorldTrotter.app; sourceTree = BUILT_PRODUCTS_DIR; };
		E64069D2208E5C1B009B8B9A /* AppDelegate.swift */ = {isa = PBXFileReference; lastKnownFileType = sourcecode.swift; path = AppDelegate.swift; sourceTree = "<group>"; };
		E64069D4208E5C1B009B8B9A /* ViewController.swift */ = {isa = PBXFileReference; lastKnownFileType = sourcecode.swift; path = ViewController.swift; sourceTree = "<group>"; };
		E64069D7208E5C1B009B8B9A /* Base */ = {isa = PBXFileReference; lastKnownFileType = file.storyboard; name = Base; path = Base.lproj/Main.storyboard; sourceTree = "<group>"; };
		E64069D9208E5C1D009B8B9A /* Assets.xcassets */ = {isa = PBXFileReference; lastKnownFileType = folder.assetcatalog; path = Assets.xcassets; sourceTree = "<group>"; };
		E64069DC208E5C1D009B8B9A /* Base */ = {isa = PBXFileReference; lastKnownFileType = file.storyboard; name = Base; path = Base.lproj/LaunchScreen.storyboard; sourceTree = "<group>"; };
		E64069DE208E5C1D009B8B9A /* Info.plist */ = {isa = PBXFileReference; lastKnownFileType = text.plist.xml; path = Info.plist; sourceTree = "<group>"; };
		E64069E3208E5C1D009B8B9A /* WorldTrotterTests.xctest */ = {isa = PBXFileReference; explicitFileType = wrapper.cfbundle; includeInIndex = 0; path = WorldTrotterTests.xctest; sourceTree = BUILT_PRODUCTS_DIR; };
		E64069E7208E5C1D009B8B9A /* WorldTrotterTests.swift */ = {isa = PBXFileReference; lastKnownFileType = sourcecode.swift; path = WorldTrotterTests.swift; sourceTree = "<group>"; };
		E64069E9208E5C1D009B8B9A /* Info.plist */ = {isa = PBXFileReference; lastKnownFileType = text.plist.xml; path = Info.plist; sourceTree = "<group>"; };
		E64069EE208E5C1D009B8B9A /* WorldTrotterUITests.xctest */ = {isa = PBXFileReference; explicitFileType = wrapper.cfbundle; includeInIndex = 0; path = WorldTrotterUITests.xctest; sourceTree = BUILT_PRODUCTS_DIR; };
		E64069F2208E5C1D009B8B9A /* WorldTrotterUITests.swift */ = {isa = PBXFileReference; lastKnownFileType = sourcecode.swift; path = WorldTrotterUITests.swift; sourceTree = "<group>"; };
		E64069F4208E5C1D009B8B9A /* Info.plist */ = {isa = PBXFileReference; lastKnownFileType = text.plist.xml; path = Info.plist; sourceTree = "<group>"; };
/* End PBXFileReference section */

/* Begin PBXFrameworksBuildPhase section */
		E64069CC208E5C1B009B8B9A /* Frameworks */ = {
			isa = PBXFrameworksBuildPhase;
			buildActionMask = 2147483647;
			files = (
			);
			runOnlyForDeploymentPostprocessing = 0;
		};
		E64069E0208E5C1D009B8B9A /* Frameworks */ = {
			isa = PBXFrameworksBuildPhase;
			buildActionMask = 2147483647;
			files = (
			);
			runOnlyForDeploymentPostprocessing = 0;
		};
		E64069EB208E5C1D009B8B9A /* Frameworks */ = {
			isa = PBXFrameworksBuildPhase;
			buildActionMask = 2147483647;
			files = (
			);
			runOnlyForDeploymentPostprocessing = 0;
		};
/* End PBXFrameworksBuildPhase section */

/* Begin PBXGroup section */
		E64069C6208E5C1B009B8B9A = {
			isa = PBXGroup;
			children = (
				E64069D1208E5C1B009B8B9A /* WorldTrotter */,
				E64069E6208E5C1D009B8B9A /* WorldTrotterTests */,
				E64069F1208E5C1D009B8B9A /* WorldTrotterUITests */,
				E64069D0208E5C1B009B8B9A /* Products */,
			);
			sourceTree = "<group>";
		};
		E64069D0208E5C1B009B8B9A /* Products */ = {
			isa = PBXGroup;
			children = (
				E64069CF208E5C1B009B8B9A /* WorldTrotter.app */,
				E64069E3208E5C1D009B8B9A /* WorldTrotterTests.xctest */,
				E64069EE208E5C1D009B8B9A /* WorldTrotterUITests.xctest */,
			);
			name = Products;
			sourceTree = "<group>";
		};
		E64069D1208E5C1B009B8B9A /* WorldTrotter */ = {
			isa = PBXGroup;
			children = (
				E64069D2208E5C1B009B8B9A /* AppDelegate.swift */,
				E64069D4208E5C1B009B8B9A /* ViewController.swift */,
				E64069D6208E5C1B009B8B9A /* Main.storyboard */,
				E64069D9208E5C1D009B8B9A /* Assets.xcassets */,
				E64069DB208E5C1D009B8B9A /* LaunchScreen.storyboard */,
				E64069DE208E5C1D009B8B9A /* Info.plist */,
			);
			path = WorldTrotter;
			sourceTree = "<group>";
		};
		E64069E6208E5C1D009B8B9A /* WorldTrotterTests */ = {
			isa = PBXGroup;
			children = (
				E64069E7208E5C1D009B8B9A /* WorldTrotterTests.swift */,
				E64069E9208E5C1D009B8B9A /* Info.plist */,
			);
			path = WorldTrotterTests;
			sourceTree = "<group>";
		};
		E64069F1208E5C1D009B8B9A /* WorldTrotterUITests */ = {
			isa = PBXGroup;
			children = (
				E64069F2208E5C1D009B8B9A /* WorldTrotterUITests.swift */,
				E64069F4208E5C1D009B8B9A /* Info.plist */,
			);
			path = WorldTrotterUITests;
			sourceTree = "<group>";
		};
/* End PBXGroup section */

/* Begin PBXNativeTarget section */
		E64069CE208E5C1B009B8B9A /* WorldTrotter */ = {
			isa = PBXNativeTarget;
			buildConfigurationList = E64069F7208E5C1D009B8B9A /* Build configuration list for PBXNativeTarget "WorldTrotter" */;
			buildPhases = (
				E64069CB208E5C1B009B8B9A /* Sources */,
				E64069CC208E5C1B009B8B9A /* Frameworks */,
				E64069CD208E5C1B009B8B9A /* Resources */,
			);
			buildRules = (
			);
			dependencies = (
			);
			name = WorldTrotter;
			productName = WorldTrotter;
			productReference = E64069CF208E5C1B009B8B9A /* WorldTrotter.app */;
			productType = "com.apple.product-type.application";
		};
		E64069E2208E5C1D009B8B9A /* WorldTrotterTests */ = {
			isa = PBXNativeTarget;
			buildConfigurationList = E64069FA208E5C1D009B8B9A /* Build configuration list for PBXNativeTarget "WorldTrotterTests" */;
			buildPhases = (
				E64069DF208E5C1D009B8B9A /* Sources */,
				E64069E0208E5C1D009B8B9A /* Frameworks */,
				E64069E1208E5C1D009B8B9A /* Resources */,
			);
			buildRules = (
			);
			dependencies = (
				E64069E5208E5C1D009B8B9A /* PBXTargetDependency */,
			);
			name = WorldTrotterTests;
			productName = WorldTrotterTests;
			productReference = E64069E3208E5C1D009B8B9A /* WorldTrotterTests.xctest */;
			productType = "com.apple.product-type.bundle.unit-test";
		};
		E64069ED208E5C1D009B8B9A /* WorldTrotterUITests */ = {
			isa = PBXNativeTarget;
			buildConfigurationList = E64069FD208E5C1D009B8B9A /* Build configuration list for PBXNativeTarget "WorldTrotterUITests" */;
			buildPhases = (
				E64069EA208E5C1D009B8B9A /* Sources */,
				E64069EB208E5C1D009B8B9A /* Frameworks */,
				E64069EC208E5C1D009B8B9A /* Resources */,
			);
			buildRules = (
			);
			dependencies = (
				E64069F0208E5C1D009B8B9A /* PBXTargetDependency */,
			);
			name = WorldTrotterUITests;
			productName = WorldTrotterUITests;
			productReference = E64069EE208E5C1D009B8B9A /* WorldTrotterUITests.xctest */;
			productType = "com.apple.product-type.bundle.ui-testing";
		};
/* End PBXNativeTarget section */

/* Begin PBXProject section */
		E64069C7208E5C1B009B8B9A /* Project object */ = {
			isa = PBXProject;
			attributes = {
				LastSwiftUpdateCheck = 0930;
				LastUpgradeCheck = 0930;
				ORGANIZATIONNAME = T1aluno01;
				TargetAttributes = {
					E64069CE208E5C1B009B8B9A = {
						CreatedOnToolsVersion = 9.3;
					};
					E64069E2208E5C1D009B8B9A = {
						CreatedOnToolsVersion = 9.3;
						TestTargetID = E64069CE208E5C1B009B8B9A;
					};
					E64069ED208E5C1D009B8B9A = {
						CreatedOnToolsVersion = 9.3;
						TestTargetID = E64069CE208E5C1B009B8B9A;
					};
				};
			};
			buildConfigurationList = E64069CA208E5C1B009B8B9A /* Build configuration list for PBXProject "WorldTrotter" */;
			compatibilityVersion = "Xcode 9.3";
			developmentRegion = en;
			hasScannedForEncodings = 0;
			knownRegions = (
				en,
				Base,
			);
			mainGroup = E64069C6208E5C1B009B8B9A;
			productRefGroup = E64069D0208E5C1B009B8B9A /* Products */;
			projectDirPath = "";
			projectRoot = "";
			targets = (
				E64069CE208E5C1B009B8B9A /* WorldTrotter */,
				E64069E2208E5C1D009B8B9A /* WorldTrotterTests */,
				E64069ED208E5C1D009B8B9A /* WorldTrotterUITests */,
			);
		};
/* End PBXProject section */

/* Begin PBXResourcesBuildPhase section */
		E64069CD208E5C1B009B8B9A /* Resources */ = {
			isa = PBXResourcesBuildPhase;
			buildActionMask = 2147483647;
			files = (
				E64069DD208E5C1D009B8B9A /* LaunchScreen.storyboard in Resources */,
				E64069DA208E5C1D009B8B9A /* Assets.xcassets in Resources */,
				E64069D8208E5C1B009B8B9A /* Main.storyboard in Resources */,
			);
			runOnlyForDeploymentPostprocessing = 0;
		};
		E64069E1208E5C1D009B8B9A /* Resources */ = {
			isa = PBXResourcesBuildPhase;
			buildActionMask = 2147483647;
			files = (
			);
			runOnlyForDeploymentPostprocessing = 0;
		};
		E64069EC208E5C1D009B8B9A /* Resources */ = {
			isa = PBXResourcesBuildPhase;
			buildActionMask = 2147483647;
			files = (
			);
			runOnlyForDeploymentPostprocessing = 0;
		};
/* End PBXResourcesBuildPhase section */

/* Begin PBXSourcesBuildPhase section */
		E64069CB208E5C1B009B8B9A /* Sources */ = {
			isa = PBXSourcesBuildPhase;
			buildActionMask = 2147483647;
			files = (
				E64069D5208E5C1B009B8B9A /* ViewController.swift in Sources */,
				E64069D3208E5C1B009B8B9A /* AppDelegate.swift in Sources */,
			);
			runOnlyForDeploymentPostprocessing = 0;
		};
		E64069DF208E5C1D009B8B9A /* Sources */ = {
			isa = PBXSourcesBuildPhase;
			buildActionMask = 2147483647;
			files = (
				E64069E8208E5C1D009B8B9A /* WorldTrotterTests.swift in Sources */,
			);
			runOnlyForDeploymentPostprocessing = 0;
		};
		E64069EA208E5C1D009B8B9A /* Sources */ = {
			isa = PBXSourcesBuildPhase;
			buildActionMask = 2147483647;
			files = (
				E64069F3208E5C1D009B8B9A /* WorldTrotterUITests.swift in Sources */,
			);
			runOnlyForDeploymentPostprocessing = 0;
		};
/* End PBXSourcesBuildPhase section */

/* Begin PBXTargetDependency section */
		E64069E5208E5C1D009B8B9A /* PBXTargetDependency */ = {
			isa = PBXTargetDependency;
			target = E64069CE208E5C1B009B8B9A /* WorldTrotter */;
			targetProxy = E64069E4208E5C1D009B8B9A /* PBXContainerItemProxy */;
		};
		E64069F0208E5C1D009B8B9A /* PBXTargetDependency */ = {
			isa = PBXTargetDependency;
			target = E64069CE208E5C1B009B8B9A /* WorldTrotter */;
			targetProxy = E64069EF208E5C1D009B8B9A /* PBXContainerItemProxy */;
		};
/* End PBXTargetDependency section */

/* Begin PBXVariantGroup section */
		E64069D6208E5C1B009B8B9A /* Main.storyboard */ = {
			isa = PBXVariantGroup;
			children = (
				E64069D7208E5C1B009B8B9A /* Base */,
			);
			name = Main.storyboard;
			sourceTree = "<group>";
		};
		E64069DB208E5C1D009B8B9A /* LaunchScreen.storyboard */ = {
			isa = PBXVariantGroup;
			children = (
				E64069DC208E5C1D009B8B9A /* Base */,
			);
			name = LaunchScreen.storyboard;
			sourceTree = "<group>";
		};
/* End PBXVariantGroup section */

/* Begin XCBuildConfiguration section */
		E64069F5208E5C1D009B8B9A /* Debug */ = {
			isa = XCBuildConfiguration;
			buildSettings = {
				ALWAYS_SEARCH_USER_PATHS = NO;
				CLANG_ANALYZER_NONNULL = YES;
				CLANG_ANALYZER_NUMBER_OBJECT_CONVERSION = YES_AGGRESSIVE;
				CLANG_CXX_LANGUAGE_STANDARD = "gnu++14";
				CLANG_CXX_LIBRARY = "libc++";
				CLANG_ENABLE_MODULES = YES;
				CLANG_ENABLE_OBJC_ARC = YES;
				CLANG_ENABLE_OBJC_WEAK = YES;
				CLANG_WARN_BLOCK_CAPTURE_AUTORELEASING = YES;
				CLANG_WARN_BOOL_CONVERSION = YES;
				CLANG_WARN_COMMA = YES;
				CLANG_WARN_CONSTANT_CONVERSION = YES;
				CLANG_WARN_DEPRECATED_OBJC_IMPLEMENTATIONS = YES;
				CLANG_WARN_DIRECT_OBJC_ISA_USAGE = YES_ERROR;
				CLANG_WARN_DOCUMENTATION_COMMENTS = YES;
				CLANG_WARN_EMPTY_BODY = YES;
				CLANG_WARN_ENUM_CONVERSION = YES;
				CLANG_WARN_INFINITE_RECURSION = YES;
				CLANG_WARN_INT_CONVERSION = YES;
				CLANG_WARN_NON_LITERAL_NULL_CONVERSION = YES;
				CLANG_WARN_OBJC_IMPLICIT_RETAIN_SELF = YES;
				CLANG_WARN_OBJC_LITERAL_CONVERSION = YES;
				CLANG_WARN_OBJC_ROOT_CLASS = YES_ERROR;
				CLANG_WARN_RANGE_LOOP_ANALYSIS = YES;
				CLANG_WARN_STRICT_PROTOTYPES = YES;
				CLANG_WARN_SUSPICIOUS_MOVE = YES;
				CLANG_WARN_UNGUARDED_AVAILABILITY = YES_AGGRESSIVE;
				CLANG_WARN_UNREACHABLE_CODE = YES;
				CLANG_WARN__DUPLICATE_METHOD_MATCH = YES;
				CODE_SIGN_IDENTITY = "iPhone Developer";
				COPY_PHASE_STRIP = NO;
				DEBUG_INFORMATION_FORMAT = dwarf;
				ENABLE_STRICT_OBJC_MSGSEND = YES;
				ENABLE_TESTABILITY = YES;
				GCC_C_LANGUAGE_STANDARD = gnu11;
				GCC_DYNAMIC_NO_PIC = NO;
				GCC_NO_COMMON_BLOCKS = YES;
				GCC_OPTIMIZATION_LEVEL = 0;
				GCC_PREPROCESSOR_DEFINITIONS = (
					"DEBUG=1",
					"$(inherited)",
				);
				GCC_WARN_64_TO_32_BIT_CONVERSION = YES;
				GCC_WARN_ABOUT_RETURN_TYPE = YES_ERROR;
				GCC_WARN_UNDECLARED_SELECTOR = YES;
				GCC_WARN_UNINITIALIZED_AUTOS = YES_AGGRESSIVE;
				GCC_WARN_UNUSED_FUNCTION = YES;
				GCC_WARN_UNUSED_VARIABLE = YES;
				IPHONEOS_DEPLOYMENT_TARGET = 11.3;
				MTL_ENABLE_DEBUG_INFO = YES;
				ONLY_ACTIVE_ARCH = YES;
				SDKROOT = iphoneos;
				SWIFT_ACTIVE_COMPILATION_CONDITIONS = DEBUG;
				SWIFT_OPTIMIZATION_LEVEL = "-Onone";
			};
			name = Debug;
		};
		E64069F6208E5C1D009B8B9A /* Release */ = {
			isa = XCBuildConfiguration;
			buildSettings = {
				ALWAYS_SEARCH_USER_PATHS = NO;
				CLANG_ANALYZER_NONNULL = YES;
				CLANG_ANALYZER_NUMBER_OBJECT_CONVERSION = YES_AGGRESSIVE;
				CLANG_CXX_LANGUAGE_STANDARD = "gnu++14";
				CLANG_CXX_LIBRARY = "libc++";
				CLANG_ENABLE_MODULES = YES;
				CLANG_ENABLE_OBJC_ARC = YES;
				CLANG_ENABLE_OBJC_WEAK = YES;
				CLANG_WARN_BLOCK_CAPTURE_AUTORELEASING = YES;
				CLANG_WARN_BOOL_CONVERSION = YES;
				CLANG_WARN_COMMA = YES;
				CLANG_WARN_CONSTANT_CONVERSION = YES;
				CLANG_WARN_DEPRECATED_OBJC_IMPLEMENTATIONS = YES;
				CLANG_WARN_DIRECT_OBJC_ISA_USAGE = YES_ERROR;
				CLANG_WARN_DOCUMENTATION_COMMENTS = YES;
				CLANG_WARN_EMPTY_BODY = YES;
				CLANG_WARN_ENUM_CONVERSION = YES;
				CLANG_WARN_INFINITE_RECURSION = YES;
				CLANG_WARN_INT_CONVERSION = YES;
				CLANG_WARN_NON_LITERAL_NULL_CONVERSION = YES;
				CLANG_WARN_OBJC_IMPLICIT_RETAIN_SELF = YES;
				CLANG_WARN_OBJC_LITERAL_CONVERSION = YES;
				CLANG_WARN_OBJC_ROOT_CLASS = YES_ERROR;
				CLANG_WARN_RANGE_LOOP_ANALYSIS = YES;
				CLANG_WARN_STRICT_PROTOTYPES = YES;
				CLANG_WARN_SUSPICIOUS_MOVE = YES;
				CLANG_WARN_UNGUARDED_AVAILABILITY = YES_AGGRESSIVE;
				CLANG_WARN_UNREACHABLE_CODE = YES;
				CLANG_WARN__DUPLICATE_METHOD_MATCH = YES;
				CODE_SIGN_IDENTITY = "iPhone Developer";
				COPY_PHASE_STRIP = NO;
				DEBUG_INFORMATION_FORMAT = "dwarf-with-dsym";
				ENABLE_NS_ASSERTIONS = NO;
				ENABLE_STRICT_OBJC_MSGSEND = YES;
				GCC_C_LANGUAGE_STANDARD = gnu11;
				GCC_NO_COMMON_BLOCKS = YES;
				GCC_WARN_64_TO_32_BIT_CONVERSION = YES;
				GCC_WARN_ABOUT_RETURN_TYPE = YES_ERROR;
				GCC_WARN_UNDECLARED_SELECTOR = YES;
				GCC_WARN_UNINITIALIZED_AUTOS = YES_AGGRESSIVE;
				GCC_WARN_UNUSED_FUNCTION = YES;
				GCC_WARN_UNUSED_VARIABLE = YES;
				IPHONEOS_DEPLOYMENT_TARGET = 11.3;
				MTL_ENABLE_DEBUG_INFO = NO;
				SDKROOT = iphoneos;
				SWIFT_COMPILATION_MODE = wholemodule;
				SWIFT_OPTIMIZATION_LEVEL = "-O";
				VALIDATE_PRODUCT = YES;
			};
			name = Release;
		};
		E64069F8208E5C1D009B8B9A /* Debug */ = {
			isa = XCBuildConfiguration;
			buildSettings = {
				ASSETCATALOG_COMPILER_APPICON_NAME = AppIcon;
				CODE_SIGN_STYLE = Automatic;
				DEVELOPMENT_TEAM = KT278SJB99;
				INFOPLIST_FILE = WorldTrotter/Info.plist;
				LD_RUNPATH_SEARCH_PATHS = (
					"$(inherited)",
					"@executable_path/Frameworks",
				);
				PRODUCT_BUNDLE_IDENTIFIER = com.totvs.WorldTrotter;
				PRODUCT_NAME = "$(TARGET_NAME)";
				SWIFT_VERSION = 4.0;
				TARGETED_DEVICE_FAMILY = "1,2";
			};
			name = Debug;
		};
		E64069F9208E5C1D009B8B9A /* Release */ = {
			isa = XCBuildConfiguration;
			buildSettings = {
				ASSETCATALOG_COMPILER_APPICON_NAME = AppIcon;
				CODE_SIGN_STYLE = Automatic;
				DEVELOPMENT_TEAM = KT278SJB99;
				INFOPLIST_FILE = WorldTrotter/Info.plist;
				LD_RUNPATH_SEARCH_PATHS = (
					"$(inherited)",
					"@executable_path/Frameworks",
				);
				PRODUCT_BUNDLE_IDENTIFIER = com.totvs.WorldTrotter;
				PRODUCT_NAME = "$(TARGET_NAME)";
				SWIFT_VERSION = 4.0;
				TARGETED_DEVICE_FAMILY = "1,2";
			};
			name = Release;
		};
		E64069FB208E5C1D009B8B9A /* Debug */ = {
			isa = XCBuildConfiguration;
			buildSettings = {
				ALWAYS_EMBED_SWIFT_STANDARD_LIBRARIES = YES;
				BUNDLE_LOADER = "$(TEST_HOST)";
				CODE_SIGN_STYLE = Automatic;
				DEVELOPMENT_TEAM = KT278SJB99;
				INFOPLIST_FILE = WorldTrotterTests/Info.plist;
				LD_RUNPATH_SEARCH_PATHS = (
					"$(inherited)",
					"@executable_path/Frameworks",
					"@loader_path/Frameworks",
				);
				PRODUCT_BUNDLE_IDENTIFIER = com.totvs.WorldTrotterTests;
				PRODUCT_NAME = "$(TARGET_NAME)";
				SWIFT_VERSION = 4.0;
				TARGETED_DEVICE_FAMILY = "1,2";
				TEST_HOST = "$(BUILT_PRODUCTS_DIR)/WorldTrotter.app/WorldTrotter";
			};
			name = Debug;
		};
		E64069FC208E5C1D009B8B9A /* Release */ = {
			isa = XCBuildConfiguration;
			buildSettings = {
				ALWAYS_EMBED_SWIFT_STANDARD_LIBRARIES = YES;
				BUNDLE_LOADER = "$(TEST_HOST)";
				CODE_SIGN_STYLE = Automatic;
				DEVELOPMENT_TEAM = KT278SJB99;
				INFOPLIST_FILE = WorldTrotterTests/Info.plist;
				LD_RUNPATH_SEARCH_PATHS = (
					"$(inherited)",
					"@executable_path/Frameworks",
					"@loader_path/Frameworks",
				);
				PRODUCT_BUNDLE_IDENTIFIER = com.totvs.WorldTrotterTests;
				PRODUCT_NAME = "$(TARGET_NAME)";
				SWIFT_VERSION = 4.0;
				TARGETED_DEVICE_FAMILY = "1,2";
				TEST_HOST = "$(BUILT_PRODUCTS_DIR)/WorldTrotter.app/WorldTrotter";
			};
			name = Release;
		};
		E64069FE208E5C1D009B8B9A /* Debug */ = {
			isa = XCBuildConfiguration;
			buildSettings = {
				ALWAYS_EMBED_SWIFT_STANDARD_LIBRARIES = YES;
				CODE_SIGN_STYLE = Automatic;
				DEVELOPMENT_TEAM = KT278SJB99;
				INFOPLIST_FILE = WorldTrotterUITests/Info.plist;
				LD_RUNPATH_SEARCH_PATHS = (
					"$(inherited)",
					"@executable_path/Frameworks",
					"@loader_path/Frameworks",
				);
				PRODUCT_BUNDLE_IDENTIFIER = com.totvs.WorldTrotterUITests;
				PRODUCT_NAME = "$(TARGET_NAME)";
				SWIFT_VERSION = 4.0;
				TARGETED_DEVICE_FAMILY = "1,2";
				TEST_TARGET_NAME = WorldTrotter;
			};
			name = Debug;
		};
		E64069FF208E5C1D009B8B9A /* Release */ = {
			isa = XCBuildConfiguration;
			buildSettings = {
				ALWAYS_EMBED_SWIFT_STANDARD_LIBRARIES = YES;
				CODE_SIGN_STYLE = Automatic;
				DEVELOPMENT_TEAM = KT278SJB99;
				INFOPLIST_FILE = WorldTrotterUITests/Info.plist;
				LD_RUNPATH_SEARCH_PATHS = (
					"$(inherited)",
					"@executable_path/Frameworks",
					"@loader_path/Frameworks",
				);
				PRODUCT_BUNDLE_IDENTIFIER = com.totvs.WorldTrotterUITests;
				PRODUCT_NAME = "$(TARGET_NAME)";
				SWIFT_VERSION = 4.0;
				TARGETED_DEVICE_FAMILY = "1,2";
				TEST_TARGET_NAME = WorldTrotter;
			};
			name = Release;
		};
/* End XCBuildConfiguration section */

/* Begin XCConfigurationList section */
		E64069CA208E5C1B009B8B9A /* Build configuration list for PBXProject "WorldTrotter" */ = {
			isa = XCConfigurationList;
			buildConfigurations = (
				E64069F5208E5C1D009B8B9A /* Debug */,
				E64069F6208E5C1D009B8B9A /* Release */,
			);
			defaultConfigurationIsVisible = 0;
			defaultConfigurationName = Release;
		};
		E64069F7208E5C1D009B8B9A /* Build configuration list for PBXNativeTarget "WorldTrotter" */ = {
			isa = XCConfigurationList;
			buildConfigurations = (
				E64069F8208E5C1D009B8B9A /* Debug */,
				E64069F9208E5C1D009B8B9A /* Release */,
			);
			defaultConfigurationIsVisible = 0;
			defaultConfigurationName = Release;
		};
		E64069FA208E5C1D009B8B9A /* Build configuration list for PBXNativeTarget "WorldTrotterTests" */ = {
			isa = XCConfigurationList;
			buildConfigurations = (
				E64069FB208E5C1D009B8B9A /* Debug */,
				E64069FC208E5C1D009B8B9A /* Release */,
			);
			defaultConfigurationIsVisible = 0;
			defaultConfigurationName = Release;
		};
		E64069FD208E5C1D009B8B9A /* Build configuration list for PBXNativeTarget "WorldTrotterUITests" */ = {
			isa = XCConfigurationList;
			buildConfigurations = (
				E64069FE208E5C1D009B8B9A /* Debug */,
				E64069FF208E5C1D009B8B9A /* Release */,
			);
			defaultConfigurationIsVisible = 0;
			defaultConfigurationName = Release;
		};
/* End XCConfigurationList section */
	};
	rootObject = E64069C7208E5C1B009B8B9A /* Project object */;
}
